
Microsoft Visual Studio Solution File, Format Version 12.00
# Visual Studio Version 17
VisualStudioVersion = 17.0.31903.59
MinimumVisualStudioVersion = 10.0.40219.1
Project("{FAE04EC0-301F-11D3-BF4B-00C04F79EFBC}") = "src", "src\TcpClient.csproj", "{A96A662D-0974-4657-9D0B-F7DD1175232B}"
EndProject
Project("{FAE04EC0-301F-11D3-BF4B-00C04F79EFBC}") = "TcpServer", "..\TcpServer\TcpServer.csproj", "{8D5B4231-B61B-4A87-A152-446A7420C0D7}"
EndProject
Global
	GlobalSection(SolutionConfigurationPlatforms) = preSolution
		Debug|Any CPU = Debug|Any CPU
		Release|Any CPU = Release|Any CPU
	EndGlobalSection
	GlobalSection(SolutionProperties) = preSolution
		HideSolutionNode = FALSE
	EndGlobalSection
	GlobalSection(ProjectConfigurationPlatforms) = postSolution
		{A96A662D-0974-4657-9D0B-F7DD1175232B}.Debug|Any CPU.ActiveCfg = Debug|Any CPU
		{A96A662D-0974-4657-9D0B-F7DD1175232B}.Debug|Any CPU.Build.0 = Debug|Any CPU
		{A96A662D-0974-4657-9D0B-F7DD1175232B}.Release|Any CPU.ActiveCfg = Release|Any CPU
		{A96A662D-0974-4657-9D0B-F7DD1175232B}.Release|Any CPU.Build.0 = Release|Any CPU
		{8D5B4231-B61B-4A87-A152-446A7420C0D7}.Debug|Any CPU.ActiveCfg = Debug|Any CPU
		{8D5B4231-B61B-4A87-A152-446A7420C0D7}.Debug|Any CPU.Build.0 = Debug|Any CPU
		{8D5B4231-B61B-4A87-A152-446A7420C0D7}.Release|Any CPU.ActiveCfg = Release|Any CPU
		{8D5B4231-B61B-4A87-A152-446A7420C0D7}.Release|Any CPU.Build.0 = Release|Any CPU
	EndGlobalSection
EndGlobal
