
Microsoft Visual Studio Solution File, Format Version 12.00
# Visual Studio Version 17
VisualStudioVersion = 17.5.002.0
MinimumVisualStudioVersion = 10.0.40219.1
Project("{9A19103F-16F7-4668-BE54-9A1E7A4F7556}") = "AdvancedLINQ", "AdvancedLINQ.csproj", "{10016F17-1795-45C0-A455-0D3BC1417AD0}"
EndProject
Global
	GlobalSection(SolutionConfigurationPlatforms) = preSolution
		Debug|Any CPU = Debug|Any CPU
		Release|Any CPU = Release|Any CPU
	EndGlobalSection
	GlobalSection(ProjectConfigurationPlatforms) = postSolution
		{10016F17-1795-45C0-A455-0D3BC1417AD0}.Debug|Any CPU.ActiveCfg = Debug|Any CPU
		{10016F17-1795-45C0-A455-0D3BC1417AD0}.Debug|Any CPU.Build.0 = Debug|Any CPU
		{10016F17-1795-45C0-A455-0D3BC1417AD0}.Release|Any CPU.ActiveCfg = Release|Any CPU
		{10016F17-1795-45C0-A455-0D3BC1417AD0}.Release|Any CPU.Build.0 = Release|Any CPU
	EndGlobalSection
	GlobalSection(SolutionProperties) = preSolution
		HideSolutionNode = FALSE
	EndGlobalSection
	GlobalSection(ExtensibilityGlobals) = postSolution
		SolutionGuid = {88585A1D-7F60-45F5-BE94-4047C9B338B5}
	EndGlobalSection
EndGlobal
