
Microsoft Visual Studio Solution File, Format Version 12.00
# Visual Studio Version 17
VisualStudioVersion = 17.5.002.0
MinimumVisualStudioVersion = 10.0.40219.1
Project("{9A19103F-16F7-4668-BE54-9A1E7A4F7556}") = "TypeSystem", "TypeSystem.csproj", "{C200014C-25D8-4AB6-83AE-112292DF6D43}"
EndProject
Project("{FAE04EC0-301F-11D3-BF4B-00C04F79EFBC}") = "AsyncProgramming1", "..\AsyncProgramming1\AsyncProgramming1.csproj", "{4D332552-68C0-4866-AC60-F8BFEC9B3427}"
EndProject
Global
	GlobalSection(SolutionConfigurationPlatforms) = preSolution
		Debug|Any CPU = Debug|Any CPU
		Release|Any CPU = Release|Any CPU
	EndGlobalSection
	GlobalSection(ProjectConfigurationPlatforms) = postSolution
		{C200014C-25D8-4AB6-83AE-112292DF6D43}.Debug|Any CPU.ActiveCfg = Debug|Any CPU
		{C200014C-25D8-4AB6-83AE-112292DF6D43}.Debug|Any CPU.Build.0 = Debug|Any CPU
		{C200014C-25D8-4AB6-83AE-112292DF6D43}.Release|Any CPU.ActiveCfg = Release|Any CPU
		{C200014C-25D8-4AB6-83AE-112292DF6D43}.Release|Any CPU.Build.0 = Release|Any CPU
		{4D332552-68C0-4866-AC60-F8BFEC9B3427}.Debug|Any CPU.ActiveCfg = Debug|Any CPU
		{4D332552-68C0-4866-AC60-F8BFEC9B3427}.Debug|Any CPU.Build.0 = Debug|Any CPU
		{4D332552-68C0-4866-AC60-F8BFEC9B3427}.Release|Any CPU.ActiveCfg = Release|Any CPU
		{4D332552-68C0-4866-AC60-F8BFEC9B3427}.Release|Any CPU.Build.0 = Release|Any CPU
	EndGlobalSection
	GlobalSection(SolutionProperties) = preSolution
		HideSolutionNode = FALSE
	EndGlobalSection
	GlobalSection(ExtensibilityGlobals) = postSolution
		SolutionGuid = {6CFEC2D8-4CE1-456A-81FA-56272BEF9AFA}
	EndGlobalSection
EndGlobal
