
Microsoft Visual Studio Solution File, Format Version 12.00
# Visual Studio Version 17
VisualStudioVersion = 17.5.002.0
MinimumVisualStudioVersion = 10.0.40219.1
Project("{9A19103F-16F7-4668-BE54-9A1E7A4F7556}") = "DelegateAndLambda", "DelegateAndLambda.csproj", "{5F6ACC00-3F2D-4E96-8CAF-050A52CECD60}"
EndProject
Project("{FAE04EC0-301F-11D3-BF4B-00C04F79EFBC}") = "LambdasAndCollections", "..\LambdasAndCollections\LambdasAndCollections.csproj", "{94310D61-7F01-45FC-ACA1-A6229FB0123F}"
EndProject
Global
	GlobalSection(SolutionConfigurationPlatforms) = preSolution
		Debug|Any CPU = Debug|Any CPU
		Release|Any CPU = Release|Any CPU
	EndGlobalSection
	GlobalSection(ProjectConfigurationPlatforms) = postSolution
		{5F6ACC00-3F2D-4E96-8CAF-050A52CECD60}.Debug|Any CPU.ActiveCfg = Debug|Any CPU
		{5F6ACC00-3F2D-4E96-8CAF-050A52CECD60}.Debug|Any CPU.Build.0 = Debug|Any CPU
		{5F6ACC00-3F2D-4E96-8CAF-050A52CECD60}.Release|Any CPU.ActiveCfg = Release|Any CPU
		{5F6ACC00-3F2D-4E96-8CAF-050A52CECD60}.Release|Any CPU.Build.0 = Release|Any CPU
		{94310D61-7F01-45FC-ACA1-A6229FB0123F}.Debug|Any CPU.ActiveCfg = Debug|Any CPU
		{94310D61-7F01-45FC-ACA1-A6229FB0123F}.Debug|Any CPU.Build.0 = Debug|Any CPU
		{94310D61-7F01-45FC-ACA1-A6229FB0123F}.Release|Any CPU.ActiveCfg = Release|Any CPU
		{94310D61-7F01-45FC-ACA1-A6229FB0123F}.Release|Any CPU.Build.0 = Release|Any CPU
	EndGlobalSection
	GlobalSection(SolutionProperties) = preSolution
		HideSolutionNode = FALSE
	EndGlobalSection
	GlobalSection(ExtensibilityGlobals) = postSolution
		SolutionGuid = {CB20FC0C-9AF5-46AF-90A3-5E351F3B7424}
	EndGlobalSection
EndGlobal
